
Microsoft Visual Studio Solution File, Format Version 12.00
# Visual Studio Version 17
VisualStudioVersion = 17.3.32929.385
MinimumVisualStudioVersion = 10.0.40219.1
Project("{FAE04EC0-301F-11D3-BF4B-00C04F79EFBC}") = "Web-Game", "Web-Game\Web-Game.csproj", "{35C4E677-9D73-4031-B407-B3297EFA6DD5}"
EndProject
Project("{FAE04EC0-301F-11D3-BF4B-00C04F79EFBC}") = "ClassLibrary", "ClassLibrary\ClassLibrary.csproj", "{8B4C3B80-835F-4F25-9A0C-71FF93C52744}"
EndProject
Global
	GlobalSection(SolutionConfigurationPlatforms) = preSolution
		Debug|Any CPU = Debug|Any CPU
		Release|Any CPU = Release|Any CPU
	EndGlobalSection
	GlobalSection(ProjectConfigurationPlatforms) = postSolution
		{35C4E677-9D73-4031-B407-B3297EFA6DD5}.Debug|Any CPU.ActiveCfg = Debug|Any CPU
		{35C4E677-9D73-4031-B407-B3297EFA6DD5}.Debug|Any CPU.Build.0 = Debug|Any CPU
		{35C4E677-9D73-4031-B407-B3297EFA6DD5}.Release|Any CPU.ActiveCfg = Release|Any CPU
		{35C4E677-9D73-4031-B407-B3297EFA6DD5}.Release|Any CPU.Build.0 = Release|Any CPU
		{8B4C3B80-835F-4F25-9A0C-71FF93C52744}.Debug|Any CPU.ActiveCfg = Debug|Any CPU
		{8B4C3B80-835F-4F25-9A0C-71FF93C52744}.Debug|Any CPU.Build.0 = Debug|Any CPU
		{8B4C3B80-835F-4F25-9A0C-71FF93C52744}.Release|Any CPU.ActiveCfg = Release|Any CPU
		{8B4C3B80-835F-4F25-9A0C-71FF93C52744}.Release|Any CPU.Build.0 = Release|Any CPU
	EndGlobalSection
	GlobalSection(SolutionProperties) = preSolution
		HideSolutionNode = FALSE
	EndGlobalSection
	GlobalSection(ExtensibilityGlobals) = postSolution
		SolutionGuid = {4158D7F6-BFE8-4F89-8B95-3EAD3CDF9CA4}
	EndGlobalSection
EndGlobal
